// !$*UTF8*$!
{
	archiveVersion = 1;
	classes = {
	};
	objectVersion = 46;
	objects = {

/* Begin PBXBuildFile section */
		04ADC8281E6320AF00C79866 /* AppDelegate.swift in Sources */ = {isa = PBXBuildFile; fileRef = 04ADC8271E6320AF00C79866 /* AppDelegate.swift */; };
		04ADC82A1E6320AF00C79866 /* ViewController.swift in Sources */ = {isa = PBXBuildFile; fileRef = 04ADC8291E6320AF00C79866 /* ViewController.swift */; };
		04ADC82D1E6320AF00C79866 /* Main.storyboard in Resources */ = {isa = PBXBuildFile; fileRef = 04ADC82B1E6320AF00C79866 /* Main.storyboard */; };
		04ADC82F1E6320AF00C79866 /* Assets.xcassets in Resources */ = {isa = PBXBuildFile; fileRef = 04ADC82E1E6320AF00C79866 /* Assets.xcassets */; };
		04ADC8321E6320AF00C79866 /* LaunchScreen.storyboard in Resources */ = {isa = PBXBuildFile; fileRef = 04ADC8301E6320AF00C79866 /* LaunchScreen.storyboard */; };
		04ADC83A1E6371D700C79866 /* GoogleService-Info.plist in Resources */ = {isa = PBXBuildFile; fileRef = 04ADC8391E6371D700C79866 /* GoogleService-Info.plist */; };
		04ADC83C1E637A8200C79866 /* ImageCollectionViewCell.swift in Sources */ = {isa = PBXBuildFile; fileRef = 04ADC83B1E637A8200C79866 /* ImageCollectionViewCell.swift */; };
		04ADC8421E63B08800C79866 /* Extensions.swift in Sources */ = {isa = PBXBuildFile; fileRef = 04ADC8411E63B08800C79866 /* Extensions.swift */; };
		04ADC8481E63C06E00C79866 /* PresentImageViewController.swift in Sources */ = {isa = PBXBuildFile; fileRef = 04ADC8471E63C06E00C79866 /* PresentImageViewController.swift */; };
		04B65E481E68EE0C008BC21C /* Walkthrough.storyboard in Resources */ = {isa = PBXBuildFile; fileRef = 04B65E471E68EE0C008BC21C /* Walkthrough.storyboard */; };
		10EE03AF745EC70BC5DB4EFB /* Pods_Snap_Photo.framework in Frameworks */ = {isa = PBXBuildFile; fileRef = 8BE4708792044D0EF39E7B48 /* Pods_Snap_Photo.framework */; };
/* End PBXBuildFile section */

/* Begin PBXFileReference section */
		04ADC8241E6320AF00C79866 /* Snap Photo.app */ = {isa = PBXFileReference; explicitFileType = wrapper.application; includeInIndex = 0; path = "Snap Photo.app"; sourceTree = BUILT_PRODUCTS_DIR; };
		04ADC8271E6320AF00C79866 /* AppDelegate.swift */ = {isa = PBXFileReference; lastKnownFileType = sourcecode.swift; path = AppDelegate.swift; sourceTree = "<group>"; };
		04ADC8291E6320AF00C79866 /* ViewController.swift */ = {isa = PBXFileReference; lastKnownFileType = sourcecode.swift; path = ViewController.swift; sourceTree = "<group>"; };
		04ADC82C1E6320AF00C79866 /* Base */ = {isa = PBXFileReference; lastKnownFileType = file.storyboard; name = Base; path = Base.lproj/Main.storyboard; sourceTree = "<group>"; };
		04ADC82E1E6320AF00C79866 /* Assets.xcassets */ = {isa = PBXFileReference; lastKnownFileType = folder.assetcatalog; path = Assets.xcassets; sourceTree = "<group>"; };
		04ADC8311E6320AF00C79866 /* Base */ = {isa = PBXFileReference; lastKnownFileType = file.storyboard; name = Base; path = Base.lproj/LaunchScreen.storyboard; sourceTree = "<group>"; };
		04ADC8331E6320AF00C79866 /* Info.plist */ = {isa = PBXFileReference; lastKnownFileType = text.plist.xml; path = Info.plist; sourceTree = "<group>"; };
		04ADC8391E6371D700C79866 /* GoogleService-Info.plist */ = {isa = PBXFileReference; fileEncoding = 4; lastKnownFileType = text.plist.xml; path = "GoogleService-Info.plist"; sourceTree = "<group>"; };
		04ADC83B1E637A8200C79866 /* ImageCollectionViewCell.swift */ = {isa = PBXFileReference; fileEncoding = 4; lastKnownFileType = sourcecode.swift; path = ImageCollectionViewCell.swift; sourceTree = "<group>"; };
		04ADC8411E63B08800C79866 /* Extensions.swift */ = {isa = PBXFileReference; fileEncoding = 4; lastKnownFileType = sourcecode.swift; path = Extensions.swift; sourceTree = "<group>"; };
		04ADC8471E63C06E00C79866 /* PresentImageViewController.swift */ = {isa = PBXFileReference; fileEncoding = 4; lastKnownFileType = sourcecode.swift; path = PresentImageViewController.swift; sourceTree = "<group>"; };
		04B65E471E68EE0C008BC21C /* Walkthrough.storyboard */ = {isa = PBXFileReference; fileEncoding = 4; lastKnownFileType = file.storyboard; path = Walkthrough.storyboard; sourceTree = "<group>"; };
		4C17CB70A35C25BA8BDAF9EC /* Pods-Snap Photo.release.xcconfig */ = {isa = PBXFileReference; includeInIndex = 1; lastKnownFileType = text.xcconfig; name = "Pods-Snap Photo.release.xcconfig"; path = "Pods/Target Support Files/Pods-Snap Photo/Pods-Snap Photo.release.xcconfig"; sourceTree = "<group>"; };
		67B15AFED28B20CF26C5E8D2 /* Pods-Snap Photo.debug.xcconfig */ = {isa = PBXFileReference; includeInIndex = 1; lastKnownFileType = text.xcconfig; name = "Pods-Snap Photo.debug.xcconfig"; path = "Pods/Target Support Files/Pods-Snap Photo/Pods-Snap Photo.debug.xcconfig"; sourceTree = "<group>"; };
		8BE4708792044D0EF39E7B48 /* Pods_Snap_Photo.framework */ = {isa = PBXFileReference; explicitFileType = wrapper.framework; includeInIndex = 0; path = Pods_Snap_Photo.framework; sourceTree = BUILT_PRODUCTS_DIR; };
/* End PBXFileReference section */

/* Begin PBXFrameworksBuildPhase section */
		04ADC8211E6320AF00C79866 /* Frameworks */ = {
			isa = PBXFrameworksBuildPhase;
			buildActionMask = 2147483647;
			files = (
				10EE03AF745EC70BC5DB4EFB /* Pods_Snap_Photo.framework in Frameworks */,
			);
			runOnlyForDeploymentPostprocessing = 0;
		};
/* End PBXFrameworksBuildPhase section */

/* Begin PBXGroup section */
		04ADC81B1E6320AF00C79866 = {
			isa = PBXGroup;
			children = (
				04ADC8261E6320AF00C79866 /* Snap Photo */,
				04ADC8251E6320AF00C79866 /* Products */,
				FA32E0628C5B674D2A848DBB /* Pods */,
				390E562AD7AC283FD413D9D7 /* Frameworks */,
			);
			sourceTree = "<group>";
		};
		04ADC8251E6320AF00C79866 /* Products */ = {
			isa = PBXGroup;
			children = (
				04ADC8241E6320AF00C79866 /* Snap Photo.app */,
			);
			name = Products;
			sourceTree = "<group>";
		};
		04ADC8261E6320AF00C79866 /* Snap Photo */ = {
			isa = PBXGroup;
			children = (
				04ADC8461E63BF3E00C79866 /* Extensions */,
				04ADC8451E63BF2400C79866 /* CellView */,
				04ADC8271E6320AF00C79866 /* AppDelegate.swift */,
				04ADC8291E6320AF00C79866 /* ViewController.swift */,
				04ADC82B1E6320AF00C79866 /* Main.storyboard */,
				04ADC8471E63C06E00C79866 /* PresentImageViewController.swift */,
				04ADC8391E6371D700C79866 /* GoogleService-Info.plist */,
				04ADC82E1E6320AF00C79866 /* Assets.xcassets */,
				04B65E471E68EE0C008BC21C /* Walkthrough.storyboard */,
				04ADC8301E6320AF00C79866 /* LaunchScreen.storyboard */,
				04ADC8331E6320AF00C79866 /* Info.plist */,
			);
			path = "Snap Photo";
			sourceTree = "<group>";
		};
		04ADC8451E63BF2400C79866 /* CellView */ = {
			isa = PBXGroup;
			children = (
				04ADC83B1E637A8200C79866 /* ImageCollectionViewCell.swift */,
			);
			name = CellView;
			sourceTree = "<group>";
		};
		04ADC8461E63BF3E00C79866 /* Extensions */ = {
			isa = PBXGroup;
			children = (
				04ADC8411E63B08800C79866 /* Extensions.swift */,
			);
			name = Extensions;
			sourceTree = "<group>";
		};
		390E562AD7AC283FD413D9D7 /* Frameworks */ = {
			isa = PBXGroup;
			children = (
				8BE4708792044D0EF39E7B48 /* Pods_Snap_Photo.framework */,
			);
			name = Frameworks;
			sourceTree = "<group>";
		};
		FA32E0628C5B674D2A848DBB /* Pods */ = {
			isa = PBXGroup;
			children = (
				67B15AFED28B20CF26C5E8D2 /* Pods-Snap Photo.debug.xcconfig */,
				4C17CB70A35C25BA8BDAF9EC /* Pods-Snap Photo.release.xcconfig */,
			);
			name = Pods;
			sourceTree = "<group>";
		};
/* End PBXGroup section */

/* Begin PBXNativeTarget section */
		04ADC8231E6320AF00C79866 /* Snap Photo */ = {
			isa = PBXNativeTarget;
			buildConfigurationList = 04ADC8361E6320AF00C79866 /* Build configuration list for PBXNativeTarget "Snap Photo" */;
			buildPhases = (
				945C4D6DD1F462CFEF103A89 /* [CP] Check Pods Manifest.lock */,
				04ADC8201E6320AF00C79866 /* Sources */,
				04ADC8211E6320AF00C79866 /* Frameworks */,
				04ADC8221E6320AF00C79866 /* Resources */,
				5E583D56E9E1EFEC99BE2987 /* [CP] Embed Pods Frameworks */,
				45BD3AB3DC8A04D41C97263A /* [CP] Copy Pods Resources */,
			);
			buildRules = (
			);
			dependencies = (
			);
			name = "Snap Photo";
			productName = "Snap Photo";
			productReference = 04ADC8241E6320AF00C79866 /* Snap Photo.app */;
			productType = "com.apple.product-type.application";
		};
/* End PBXNativeTarget section */

/* Begin PBXProject section */
		04ADC81C1E6320AF00C79866 /* Project object */ = {
			isa = PBXProject;
			attributes = {
				LastSwiftUpdateCheck = 0820;
				LastUpgradeCheck = 0820;
				ORGANIZATIONNAME = "Yassine EN";
				TargetAttributes = {
					04ADC8231E6320AF00C79866 = {
						CreatedOnToolsVersion = 8.2.1;
						DevelopmentTeam = NYR5C8VYSX;
						ProvisioningStyle = Automatic;
					};
				};
			};
			buildConfigurationList = 04ADC81F1E6320AF00C79866 /* Build configuration list for PBXProject "Snap Photo" */;
			compatibilityVersion = "Xcode 3.2";
			developmentRegion = English;
			hasScannedForEncodings = 0;
			knownRegions = (
				en,
				Base,
			);
			mainGroup = 04ADC81B1E6320AF00C79866;
			productRefGroup = 04ADC8251E6320AF00C79866 /* Products */;
			projectDirPath = "";
			projectRoot = "";
			targets = (
				04ADC8231E6320AF00C79866 /* Snap Photo */,
			);
		};
/* End PBXProject section */

/* Begin PBXResourcesBuildPhase section */
		04ADC8221E6320AF00C79866 /* Resources */ = {
			isa = PBXResourcesBuildPhase;
			buildActionMask = 2147483647;
			files = (
				04ADC83A1E6371D700C79866 /* GoogleService-Info.plist in Resources */,
				04ADC8321E6320AF00C79866 /* LaunchScreen.storyboard in Resources */,
				04B65E481E68EE0C008BC21C /* Walkthrough.storyboard in Resources */,
				04ADC82F1E6320AF00C79866 /* Assets.xcassets in Resources */,
				04ADC82D1E6320AF00C79866 /* Main.storyboard in Resources */,
			);
			runOnlyForDeploymentPostprocessing = 0;
		};
/* End PBXResourcesBuildPhase section */

/* Begin PBXShellScriptBuildPhase section */
		45BD3AB3DC8A04D41C97263A /* [CP] Copy Pods Resources */ = {
			isa = PBXShellScriptBuildPhase;
			buildActionMask = 2147483647;
			files = (
			);
			inputPaths = (
			);
			name = "[CP] Copy Pods Resources";
			outputPaths = (
			);
			runOnlyForDeploymentPostprocessing = 0;
			shellPath = /bin/sh;
			shellScript = "\"${SRCROOT}/Pods/Target Support Files/Pods-Snap Photo/Pods-Snap Photo-resources.sh\"\n";
			showEnvVarsInLog = 0;
		};
		5E583D56E9E1EFEC99BE2987 /* [CP] Embed Pods Frameworks */ = {
			isa = PBXShellScriptBuildPhase;
			buildActionMask = 2147483647;
			files = (
			);
			inputPaths = (
			);
			name = "[CP] Embed Pods Frameworks";
			outputPaths = (
			);
			runOnlyForDeploymentPostprocessing = 0;
			shellPath = /bin/sh;
			shellScript = "\"${SRCROOT}/Pods/Target Support Files/Pods-Snap Photo/Pods-Snap Photo-frameworks.sh\"\n";
			showEnvVarsInLog = 0;
		};
		945C4D6DD1F462CFEF103A89 /* [CP] Check Pods Manifest.lock */ = {
			isa = PBXShellScriptBuildPhase;
			buildActionMask = 2147483647;
			files = (
			);
			inputPaths = (
			);
			name = "[CP] Check Pods Manifest.lock";
			outputPaths = (
			);
			runOnlyForDeploymentPostprocessing = 0;
			shellPath = /bin/sh;
			shellScript = "diff \"${PODS_ROOT}/../Podfile.lock\" \"${PODS_ROOT}/Manifest.lock\" > /dev/null\nif [ $? != 0 ] ; then\n    # print error to STDERR\n    echo \"error: The sandbox is not in sync with the Podfile.lock. Run 'pod install' or update your CocoaPods installation.\" >&2\n    exit 1\nfi\n";
			showEnvVarsInLog = 0;
		};
/* End PBXShellScriptBuildPhase section */

/* Begin PBXSourcesBuildPhase section */
		04ADC8201E6320AF00C79866 /* Sources */ = {
			isa = PBXSourcesBuildPhase;
			buildActionMask = 2147483647;
			files = (
				04ADC83C1E637A8200C79866 /* ImageCollectionViewCell.swift in Sources */,
				04ADC82A1E6320AF00C79866 /* ViewController.swift in Sources */,
				04ADC8481E63C06E00C79866 /* PresentImageViewController.swift in Sources */,
				04ADC8281E6320AF00C79866 /* AppDelegate.swift in Sources */,
				04ADC8421E63B08800C79866 /* Extensions.swift in Sources */,
			);
			runOnlyForDeploymentPostprocessing = 0;
		};
/* End PBXSourcesBuildPhase section */

/* Begin PBXVariantGroup section */
		04ADC82B1E6320AF00C79866 /* Main.storyboard */ = {
			isa = PBXVariantGroup;
			children = (
				04ADC82C1E6320AF00C79866 /* Base */,
			);
			name = Main.storyboard;
			sourceTree = "<group>";
		};
		04ADC8301E6320AF00C79866 /* LaunchScreen.storyboard */ = {
			isa = PBXVariantGroup;
			children = (
				04ADC8311E6320AF00C79866 /* Base */,
			);
			name = LaunchScreen.storyboard;
			sourceTree = "<group>";
		};
/* End PBXVariantGroup section */

/* Begin XCBuildConfiguration section */
		04ADC8341E6320AF00C79866 /* Debug */ = {
			isa = XCBuildConfiguration;
			buildSettings = {
				ALWAYS_SEARCH_USER_PATHS = NO;
				CLANG_ANALYZER_NONNULL = YES;
				CLANG_CXX_LANGUAGE_STANDARD = "gnu++0x";
				CLANG_CXX_LIBRARY = "libc++";
				CLANG_ENABLE_MODULES = YES;
				CLANG_ENABLE_OBJC_ARC = YES;
				CLANG_WARN_BOOL_CONVERSION = YES;
				CLANG_WARN_CONSTANT_CONVERSION = YES;
				CLANG_WARN_DIRECT_OBJC_ISA_USAGE = YES_ERROR;
				CLANG_WARN_DOCUMENTATION_COMMENTS = YES;
				CLANG_WARN_EMPTY_BODY = YES;
				CLANG_WARN_ENUM_CONVERSION = YES;
				CLANG_WARN_INFINITE_RECURSION = YES;
				CLANG_WARN_INT_CONVERSION = YES;
				CLANG_WARN_OBJC_ROOT_CLASS = YES_ERROR;
				CLANG_WARN_SUSPICIOUS_MOVE = YES;
				CLANG_WARN_UNREACHABLE_CODE = YES;
				CLANG_WARN__DUPLICATE_METHOD_MATCH = YES;
				"CODE_SIGN_IDENTITY[sdk=iphoneos*]" = "iPhone Developer";
				COPY_PHASE_STRIP = NO;
				DEBUG_INFORMATION_FORMAT = dwarf;
				ENABLE_STRICT_OBJC_MSGSEND = YES;
				ENABLE_TESTABILITY = YES;
				GCC_C_LANGUAGE_STANDARD = gnu99;
				GCC_DYNAMIC_NO_PIC = NO;
				GCC_NO_COMMON_BLOCKS = YES;
				GCC_OPTIMIZATION_LEVEL = 0;
				GCC_PREPROCESSOR_DEFINITIONS = (
					"DEBUG=1",
					"$(inherited)",
				);
				GCC_WARN_64_TO_32_BIT_CONVERSION = YES;
				GCC_WARN_ABOUT_RETURN_TYPE = YES_ERROR;
				GCC_WARN_UNDECLARED_SELECTOR = YES;
				GCC_WARN_UNINITIALIZED_AUTOS = YES_AGGRESSIVE;
				GCC_WARN_UNUSED_FUNCTION = YES;
				GCC_WARN_UNUSED_VARIABLE = YES;
				IPHONEOS_DEPLOYMENT_TARGET = 10.2;
				MTL_ENABLE_DEBUG_INFO = YES;
				ONLY_ACTIVE_ARCH = YES;
				SDKROOT = iphoneos;
				SWIFT_ACTIVE_COMPILATION_CONDITIONS = DEBUG;
				SWIFT_OPTIMIZATION_LEVEL = "-Onone";
				TARGETED_DEVICE_FAMILY = "1,2";
			};
			name = Debug;
		};
		04ADC8351E6320AF00C79866 /* Release */ = {
			isa = XCBuildConfiguration;
			buildSettings = {
				ALWAYS_SEARCH_USER_PATHS = NO;
				CLANG_ANALYZER_NONNULL = YES;
				CLANG_CXX_LANGUAGE_STANDARD = "gnu++0x";
				CLANG_CXX_LIBRARY = "libc++";
				CLANG_ENABLE_MODULES = YES;
				CLANG_ENABLE_OBJC_ARC = YES;
				CLANG_WARN_BOOL_CONVERSION = YES;
				CLANG_WARN_CONSTANT_CONVERSION = YES;
				CLANG_WARN_DIRECT_OBJC_ISA_USAGE = YES_ERROR;
				CLANG_WARN_DOCUMENTATION_COMMENTS = YES;
				CLANG_WARN_EMPTY_BODY = YES;
				CLANG_WARN_ENUM_CONVERSION = YES;
				CLANG_WARN_INFINITE_RECURSION = YES;
				CLANG_WARN_INT_CONVERSION = YES;
				CLANG_WARN_OBJC_ROOT_CLASS = YES_ERROR;
				CLANG_WARN_SUSPICIOUS_MOVE = YES;
				CLANG_WARN_UNREACHABLE_CODE = YES;
				CLANG_WARN__DUPLICATE_METHOD_MATCH = YES;
				"CODE_SIGN_IDENTITY[sdk=iphoneos*]" = "iPhone Developer";
				COPY_PHASE_STRIP = NO;
				DEBUG_INFORMATION_FORMAT = "dwarf-with-dsym";
				ENABLE_NS_ASSERTIONS = NO;
				ENABLE_STRICT_OBJC_MSGSEND = YES;
				GCC_C_LANGUAGE_STANDARD = gnu99;
				GCC_NO_COMMON_BLOCKS = YES;
				GCC_WARN_64_TO_32_BIT_CONVERSION = YES;
				GCC_WARN_ABOUT_RETURN_TYPE = YES_ERROR;
				GCC_WARN_UNDECLARED_SELECTOR = YES;
				GCC_WARN_UNINITIALIZED_AUTOS = YES_AGGRESSIVE;
				GCC_WARN_UNUSED_FUNCTION = YES;
				GCC_WARN_UNUSED_VARIABLE = YES;
				IPHONEOS_DEPLOYMENT_TARGET = 10.2;
				MTL_ENABLE_DEBUG_INFO = NO;
				SDKROOT = iphoneos;
				SWIFT_OPTIMIZATION_LEVEL = "-Owholemodule";
				TARGETED_DEVICE_FAMILY = "1,2";
				VALIDATE_PRODUCT = YES;
			};
			name = Release;
		};
		04ADC8371E6320AF00C79866 /* Debug */ = {
			isa = XCBuildConfiguration;
			baseConfigurationReference = 67B15AFED28B20CF26C5E8D2 /* Pods-Snap Photo.debug.xcconfig */;
			buildSettings = {
				ASSETCATALOG_COMPILER_APPICON_NAME = AppIcon;
				DEVELOPMENT_TEAM = NYR5C8VYSX;
				INFOPLIST_FILE = "Snap Photo/Info.plist";
				IPHONEOS_DEPLOYMENT_TARGET = 10.1;
				LD_RUNPATH_SEARCH_PATHS = "$(inherited) @executable_path/Frameworks";
				PRODUCT_BUNDLE_IDENTIFIER = com.stickers.for.snapchat;
				PRODUCT_NAME = "$(TARGET_NAME)";
				SWIFT_VERSION = 3.0;
			};
			name = Debug;
		};
		04ADC8381E6320AF00C79866 /* Release */ = {
			isa = XCBuildConfiguration;
			baseConfigurationReference = 4C17CB70A35C25BA8BDAF9EC /* Pods-Snap Photo.release.xcconfig */;
			buildSettings = {
				ASSETCATALOG_COMPILER_APPICON_NAME = AppIcon;
				DEVELOPMENT_TEAM = NYR5C8VYSX;
				INFOPLIST_FILE = "Snap Photo/Info.plist";
				IPHONEOS_DEPLOYMENT_TARGET = 10.1;
				LD_RUNPATH_SEARCH_PATHS = "$(inherited) @executable_path/Frameworks";
				PRODUCT_BUNDLE_IDENTIFIER = com.stickers.for.snapchat;
				PRODUCT_NAME = "$(TARGET_NAME)";
				SWIFT_VERSION = 3.0;
			};
			name = Release;
		};
/* End XCBuildConfiguration section */

/* Begin XCConfigurationList section */
		04ADC81F1E6320AF00C79866 /* Build configuration list for PBXProject "Snap Photo" */ = {
			isa = XCConfigurationList;
			buildConfigurations = (
				04ADC8341E6320AF00C79866 /* Debug */,
				04ADC8351E6320AF00C79866 /* Release */,
			);
			defaultConfigurationIsVisible = 0;
			defaultConfigurationName = Release;
		};
		04ADC8361E6320AF00C79866 /* Build configuration list for PBXNativeTarget "Snap Photo" */ = {
			isa = XCConfigurationList;
			buildConfigurations = (
				04ADC8371E6320AF00C79866 /* Debug */,
				04ADC8381E6320AF00C79866 /* Release */,
			);
			defaultConfigurationIsVisible = 0;
			defaultConfigurationName = Release;
		};
/* End XCConfigurationList section */
	};
	rootObject = 04ADC81C1E6320AF00C79866 /* Project object */;
}
